
Microsoft Visual Studio Solution File, Format Version 12.00
# Visual Studio Version 17
VisualStudioVersion = 17.2.32516.85
MinimumVisualStudioVersion = 10.0.40219.1
Project("{9A19103F-16F7-4668-BE54-9A1E7A4F7556}") = "LambdaS3Trigger", "LambdaS3Trigger\src\LambdaS3Trigger\LambdaS3Trigger.csproj", "{A0D5EAB3-C2B6-4A0E-A44F-C3F082425780}"
EndProject
Project("{9A19103F-16F7-4668-BE54-9A1E7A4F7556}") = "LambdaDefault", "LambdaDefault\src\LambdaDefault\LambdaDefault.csproj", "{37A9D502-899F-4E86-8D91-02B19394E462}"
EndProject
Project("{9A19103F-16F7-4668-BE54-9A1E7A4F7556}") = "LambdaSNS", "LambdaSNS\src\LambdaSNS\LambdaSNS.csproj", "{2C955372-E49B-4C23-AFCB-6AF09B698C0A}"
EndProject
Project("{FAE04EC0-301F-11D3-BF4B-00C04F79EFBC}") = "LambdaSQS", "LambdaSQS\src\LambdaSQS\LambdaSQS.csproj", "{9010663A-0EC6-4842-9F51-C68763D256A3}"
EndProject
Project("{FAE04EC0-301F-11D3-BF4B-00C04F79EFBC}") = "SharedFucntions", "SharedFucntions\SharedFucntions.csproj", "{221DBB9D-BD98-478C-956C-3AB23EDE4F80}"
EndProject
Global
	GlobalSection(SolutionConfigurationPlatforms) = preSolution
		Debug|Any CPU = Debug|Any CPU
		Release|Any CPU = Release|Any CPU
	EndGlobalSection
	GlobalSection(ProjectConfigurationPlatforms) = postSolution
		{A0D5EAB3-C2B6-4A0E-A44F-C3F082425780}.Debug|Any CPU.ActiveCfg = Debug|Any CPU
		{A0D5EAB3-C2B6-4A0E-A44F-C3F082425780}.Debug|Any CPU.Build.0 = Debug|Any CPU
		{A0D5EAB3-C2B6-4A0E-A44F-C3F082425780}.Release|Any CPU.ActiveCfg = Release|Any CPU
		{A0D5EAB3-C2B6-4A0E-A44F-C3F082425780}.Release|Any CPU.Build.0 = Release|Any CPU
		{37A9D502-899F-4E86-8D91-02B19394E462}.Debug|Any CPU.ActiveCfg = Debug|Any CPU
		{37A9D502-899F-4E86-8D91-02B19394E462}.Debug|Any CPU.Build.0 = Debug|Any CPU
		{37A9D502-899F-4E86-8D91-02B19394E462}.Release|Any CPU.ActiveCfg = Release|Any CPU
		{37A9D502-899F-4E86-8D91-02B19394E462}.Release|Any CPU.Build.0 = Release|Any CPU
		{2C955372-E49B-4C23-AFCB-6AF09B698C0A}.Debug|Any CPU.ActiveCfg = Debug|Any CPU
		{2C955372-E49B-4C23-AFCB-6AF09B698C0A}.Debug|Any CPU.Build.0 = Debug|Any CPU
		{2C955372-E49B-4C23-AFCB-6AF09B698C0A}.Release|Any CPU.ActiveCfg = Release|Any CPU
		{2C955372-E49B-4C23-AFCB-6AF09B698C0A}.Release|Any CPU.Build.0 = Release|Any CPU
		{9010663A-0EC6-4842-9F51-C68763D256A3}.Debug|Any CPU.ActiveCfg = Debug|Any CPU
		{9010663A-0EC6-4842-9F51-C68763D256A3}.Debug|Any CPU.Build.0 = Debug|Any CPU
		{9010663A-0EC6-4842-9F51-C68763D256A3}.Release|Any CPU.ActiveCfg = Release|Any CPU
		{9010663A-0EC6-4842-9F51-C68763D256A3}.Release|Any CPU.Build.0 = Release|Any CPU
		{221DBB9D-BD98-478C-956C-3AB23EDE4F80}.Debug|Any CPU.ActiveCfg = Debug|Any CPU
		{221DBB9D-BD98-478C-956C-3AB23EDE4F80}.Debug|Any CPU.Build.0 = Debug|Any CPU
		{221DBB9D-BD98-478C-956C-3AB23EDE4F80}.Release|Any CPU.ActiveCfg = Release|Any CPU
		{221DBB9D-BD98-478C-956C-3AB23EDE4F80}.Release|Any CPU.Build.0 = Release|Any CPU
	EndGlobalSection
	GlobalSection(SolutionProperties) = preSolution
		HideSolutionNode = FALSE
	EndGlobalSection
	GlobalSection(ExtensibilityGlobals) = postSolution
		SolutionGuid = {EB008FC8-1AEF-4B8F-909A-90562A7FEFDA}
	EndGlobalSection
EndGlobal
